// !$*UTF8*$!
{
	archiveVersion = 1;
	classes = {
	};
	objectVersion = 46;
	objects = {

/* Begin PBXBuildFile section */
		043BFE21F12BD6D797D1F698 /* Pods_MonethyReal.framework in Frameworks */ = {isa = PBXBuildFile; fileRef = 1D2AD34AF5609DBA08AF8493 /* Pods_MonethyReal.framework */; };
		630D66711D73028300E2B10D /* MonthViewController.swift in Sources */ = {isa = PBXBuildFile; fileRef = 630D66701D73028300E2B10D /* MonthViewController.swift */; };
		630D66741D73046A00E2B10D /* AddMonthViewController.swift in Sources */ = {isa = PBXBuildFile; fileRef = 630D66731D73046A00E2B10D /* AddMonthViewController.swift */; };
		632D83741D75D67600A1F363 /* AccountViewController.swift in Sources */ = {isa = PBXBuildFile; fileRef = 632D83731D75D67600A1F363 /* AccountViewController.swift */; };
		6397C15A1D71F822001B6464 /* AppDelegate.swift in Sources */ = {isa = PBXBuildFile; fileRef = 6397C1591D71F822001B6464 /* AppDelegate.swift */; };
		6397C15F1D71F822001B6464 /* Main.storyboard in Resources */ = {isa = PBXBuildFile; fileRef = 6397C15D1D71F822001B6464 /* Main.storyboard */; };
		6397C1611D71F822001B6464 /* Assets.xcassets in Resources */ = {isa = PBXBuildFile; fileRef = 6397C1601D71F822001B6464 /* Assets.xcassets */; };
		6397C1641D71F822001B6464 /* LaunchScreen.storyboard in Resources */ = {isa = PBXBuildFile; fileRef = 6397C1621D71F822001B6464 /* LaunchScreen.storyboard */; };
		6397C16C1D71FA77001B6464 /* MonthList.swift in Sources */ = {isa = PBXBuildFile; fileRef = 6397C16B1D71FA77001B6464 /* MonthList.swift */; };
		6397C16E1D71FAA9001B6464 /* Accounts.swift in Sources */ = {isa = PBXBuildFile; fileRef = 6397C16D1D71FAA9001B6464 /* Accounts.swift */; };
		63AE40901D73236A0033FB27 /* DateToString.swift in Sources */ = {isa = PBXBuildFile; fileRef = 63AE408F1D73236A0033FB27 /* DateToString.swift */; };
		63AE40921D73598D0033FB27 /* PickerViewCell.swift in Sources */ = {isa = PBXBuildFile; fileRef = 63AE40911D73598D0033FB27 /* PickerViewCell.swift */; };
/* End PBXBuildFile section */

/* Begin PBXFileReference section */
		17F7EC42EA482C9BC490DE06 /* Pods-MonethyReal.release.xcconfig */ = {isa = PBXFileReference; includeInIndex = 1; lastKnownFileType = text.xcconfig; name = "Pods-MonethyReal.release.xcconfig"; path = "Pods/Target Support Files/Pods-MonethyReal/Pods-MonethyReal.release.xcconfig"; sourceTree = "<group>"; };
		1D2AD34AF5609DBA08AF8493 /* Pods_MonethyReal.framework */ = {isa = PBXFileReference; explicitFileType = wrapper.framework; includeInIndex = 0; path = Pods_MonethyReal.framework; sourceTree = BUILT_PRODUCTS_DIR; };
		630D66701D73028300E2B10D /* MonthViewController.swift */ = {isa = PBXFileReference; fileEncoding = 4; lastKnownFileType = sourcecode.swift; path = MonthViewController.swift; sourceTree = "<group>"; };
		630D66731D73046A00E2B10D /* AddMonthViewController.swift */ = {isa = PBXFileReference; fileEncoding = 4; lastKnownFileType = sourcecode.swift; path = AddMonthViewController.swift; sourceTree = "<group>"; };
		632D83731D75D67600A1F363 /* AccountViewController.swift */ = {isa = PBXFileReference; fileEncoding = 4; lastKnownFileType = sourcecode.swift; path = AccountViewController.swift; sourceTree = "<group>"; };
		6397C1561D71F822001B6464 /* MonethyReal.app */ = {isa = PBXFileReference; explicitFileType = wrapper.application; includeInIndex = 0; path = MonethyReal.app; sourceTree = BUILT_PRODUCTS_DIR; };
		6397C1591D71F822001B6464 /* AppDelegate.swift */ = {isa = PBXFileReference; lastKnownFileType = sourcecode.swift; path = AppDelegate.swift; sourceTree = "<group>"; };
		6397C15E1D71F822001B6464 /* Base */ = {isa = PBXFileReference; lastKnownFileType = file.storyboard; name = Base; path = Base.lproj/Main.storyboard; sourceTree = "<group>"; };
		6397C1601D71F822001B6464 /* Assets.xcassets */ = {isa = PBXFileReference; lastKnownFileType = folder.assetcatalog; path = Assets.xcassets; sourceTree = "<group>"; };
		6397C1631D71F822001B6464 /* Base */ = {isa = PBXFileReference; lastKnownFileType = file.storyboard; name = Base; path = Base.lproj/LaunchScreen.storyboard; sourceTree = "<group>"; };
		6397C1651D71F822001B6464 /* Info.plist */ = {isa = PBXFileReference; lastKnownFileType = text.plist.xml; path = Info.plist; sourceTree = "<group>"; };
		6397C16B1D71FA77001B6464 /* MonthList.swift */ = {isa = PBXFileReference; fileEncoding = 4; lastKnownFileType = sourcecode.swift; path = MonthList.swift; sourceTree = "<group>"; };
		6397C16D1D71FAA9001B6464 /* Accounts.swift */ = {isa = PBXFileReference; fileEncoding = 4; lastKnownFileType = sourcecode.swift; path = Accounts.swift; sourceTree = "<group>"; };
		63AE408F1D73236A0033FB27 /* DateToString.swift */ = {isa = PBXFileReference; fileEncoding = 4; lastKnownFileType = sourcecode.swift; path = DateToString.swift; sourceTree = "<group>"; };
		63AE40911D73598D0033FB27 /* PickerViewCell.swift */ = {isa = PBXFileReference; fileEncoding = 4; lastKnownFileType = sourcecode.swift; path = PickerViewCell.swift; sourceTree = "<group>"; };
		AD5B47BF3A3C1354636FC22F /* Pods-MonethyReal.debug.xcconfig */ = {isa = PBXFileReference; includeInIndex = 1; lastKnownFileType = text.xcconfig; name = "Pods-MonethyReal.debug.xcconfig"; path = "Pods/Target Support Files/Pods-MonethyReal/Pods-MonethyReal.debug.xcconfig"; sourceTree = "<group>"; };
/* End PBXFileReference section */

/* Begin PBXFrameworksBuildPhase section */
		6397C1531D71F822001B6464 /* Frameworks */ = {
			isa = PBXFrameworksBuildPhase;
			buildActionMask = 2147483647;
			files = (
				043BFE21F12BD6D797D1F698 /* Pods_MonethyReal.framework in Frameworks */,
			);
			runOnlyForDeploymentPostprocessing = 0;
		};
/* End PBXFrameworksBuildPhase section */

/* Begin PBXGroup section */
		18C219CDCE99C56CE38667DD /* Frameworks */ = {
			isa = PBXGroup;
			children = (
				1D2AD34AF5609DBA08AF8493 /* Pods_MonethyReal.framework */,
			);
			name = Frameworks;
			sourceTree = "<group>";
		};
		1A4D6FB4A1CD1B36FD2B414A /* Pods */ = {
			isa = PBXGroup;
			children = (
				AD5B47BF3A3C1354636FC22F /* Pods-MonethyReal.debug.xcconfig */,
				17F7EC42EA482C9BC490DE06 /* Pods-MonethyReal.release.xcconfig */,
			);
			name = Pods;
			sourceTree = "<group>";
		};
		630D66721D73028700E2B10D /* Controller */ = {
			isa = PBXGroup;
			children = (
				63AE40911D73598D0033FB27 /* PickerViewCell.swift */,
				630D66701D73028300E2B10D /* MonthViewController.swift */,
				630D66731D73046A00E2B10D /* AddMonthViewController.swift */,
				632D83731D75D67600A1F363 /* AccountViewController.swift */,
			);
			name = Controller;
			sourceTree = "<group>";
		};
		6397C14D1D71F822001B6464 = {
			isa = PBXGroup;
			children = (
				6397C1581D71F822001B6464 /* MonethyReal */,
				6397C1571D71F822001B6464 /* Products */,
				1A4D6FB4A1CD1B36FD2B414A /* Pods */,
				18C219CDCE99C56CE38667DD /* Frameworks */,
			);
			sourceTree = "<group>";
		};
		6397C1571D71F822001B6464 /* Products */ = {
			isa = PBXGroup;
			children = (
				6397C1561D71F822001B6464 /* MonethyReal.app */,
			);
			name = Products;
			sourceTree = "<group>";
		};
		6397C1581D71F822001B6464 /* MonethyReal */ = {
			isa = PBXGroup;
			children = (
				6397C1591D71F822001B6464 /* AppDelegate.swift */,
				6397C1601D71F822001B6464 /* Assets.xcassets */,
				6397C1621D71F822001B6464 /* LaunchScreen.storyboard */,
				6397C1651D71F822001B6464 /* Info.plist */,
				6397C15D1D71F822001B6464 /* Main.storyboard */,
				6397C16F1D71FAB7001B6464 /* Model */,
				630D66721D73028700E2B10D /* Controller */,
			);
			path = MonethyReal;
			sourceTree = "<group>";
		};
		6397C16F1D71FAB7001B6464 /* Model */ = {
			isa = PBXGroup;
			children = (
				6397C16B1D71FA77001B6464 /* MonthList.swift */,
				6397C16D1D71FAA9001B6464 /* Accounts.swift */,
				63AE408F1D73236A0033FB27 /* DateToString.swift */,
			);
			name = Model;
			sourceTree = "<group>";
		};
/* End PBXGroup section */

/* Begin PBXNativeTarget section */
		6397C1551D71F822001B6464 /* MonethyReal */ = {
			isa = PBXNativeTarget;
			buildConfigurationList = 6397C1681D71F822001B6464 /* Build configuration list for PBXNativeTarget "MonethyReal" */;
			buildPhases = (
				E22FDDE5F5BAE4AC319159E4 /* Check Pods Manifest.lock */,
				6397C1521D71F822001B6464 /* Sources */,
				6397C1531D71F822001B6464 /* Frameworks */,
				6397C1541D71F822001B6464 /* Resources */,
				E282428CBE6B9BF246B7A788 /* Embed Pods Frameworks */,
				FD3152DDB548BD6105F2473C /* Copy Pods Resources */,
			);
			buildRules = (
			);
			dependencies = (
			);
			name = MonethyReal;
			productName = MonethyReal;
			productReference = 6397C1561D71F822001B6464 /* MonethyReal.app */;
			productType = "com.apple.product-type.application";
		};
/* End PBXNativeTarget section */

/* Begin PBXProject section */
		6397C14E1D71F822001B6464 /* Project object */ = {
			isa = PBXProject;
			attributes = {
				LastSwiftUpdateCheck = 0730;
				LastUpgradeCheck = 0730;
				ORGANIZATIONNAME = zhongxin;
				TargetAttributes = {
					6397C1551D71F822001B6464 = {
						CreatedOnToolsVersion = 7.3.1;
						DevelopmentTeam = C5943E33S4;
					};
				};
			};
			buildConfigurationList = 6397C1511D71F822001B6464 /* Build configuration list for PBXProject "MonethyReal" */;
			compatibilityVersion = "Xcode 3.2";
			developmentRegion = English;
			hasScannedForEncodings = 0;
			knownRegions = (
				en,
				Base,
			);
			mainGroup = 6397C14D1D71F822001B6464;
			productRefGroup = 6397C1571D71F822001B6464 /* Products */;
			projectDirPath = "";
			projectRoot = "";
			targets = (
				6397C1551D71F822001B6464 /* MonethyReal */,
			);
		};
/* End PBXProject section */

/* Begin PBXResourcesBuildPhase section */
		6397C1541D71F822001B6464 /* Resources */ = {
			isa = PBXResourcesBuildPhase;
			buildActionMask = 2147483647;
			files = (
				6397C1641D71F822001B6464 /* LaunchScreen.storyboard in Resources */,
				6397C1611D71F822001B6464 /* Assets.xcassets in Resources */,
				6397C15F1D71F822001B6464 /* Main.storyboard in Resources */,
			);
			runOnlyForDeploymentPostprocessing = 0;
		};
/* End PBXResourcesBuildPhase section */

/* Begin PBXShellScriptBuildPhase section */
		E22FDDE5F5BAE4AC319159E4 /* Check Pods Manifest.lock */ = {
			isa = PBXShellScriptBuildPhase;
			buildActionMask = 2147483647;
			files = (
			);
			inputPaths = (
			);
			name = "Check Pods Manifest.lock";
			outputPaths = (
			);
			runOnlyForDeploymentPostprocessing = 0;
			shellPath = /bin/sh;
			shellScript = "diff \"${PODS_ROOT}/../Podfile.lock\" \"${PODS_ROOT}/Manifest.lock\" > /dev/null\nif [[ $? != 0 ]] ; then\n    cat << EOM\nerror: The sandbox is not in sync with the Podfile.lock. Run 'pod install' or update your CocoaPods installation.\nEOM\n    exit 1\nfi\n";
			showEnvVarsInLog = 0;
		};
		E282428CBE6B9BF246B7A788 /* Embed Pods Frameworks */ = {
			isa = PBXShellScriptBuildPhase;
			buildActionMask = 2147483647;
			files = (
			);
			inputPaths = (
			);
			name = "Embed Pods Frameworks";
			outputPaths = (
			);
			runOnlyForDeploymentPostprocessing = 0;
			shellPath = /bin/sh;
			shellScript = "\"${SRCROOT}/Pods/Target Support Files/Pods-MonethyReal/Pods-MonethyReal-frameworks.sh\"\n";
			showEnvVarsInLog = 0;
		};
		FD3152DDB548BD6105F2473C /* Copy Pods Resources */ = {
			isa = PBXShellScriptBuildPhase;
			buildActionMask = 2147483647;
			files = (
			);
			inputPaths = (
			);
			name = "Copy Pods Resources";
			outputPaths = (
			);
			runOnlyForDeploymentPostprocessing = 0;
			shellPath = /bin/sh;
			shellScript = "\"${SRCROOT}/Pods/Target Support Files/Pods-MonethyReal/Pods-MonethyReal-resources.sh\"\n";
			showEnvVarsInLog = 0;
		};
/* End PBXShellScriptBuildPhase section */

/* Begin PBXSourcesBuildPhase section */
		6397C1521D71F822001B6464 /* Sources */ = {
			isa = PBXSourcesBuildPhase;
			buildActionMask = 2147483647;
			files = (
				630D66741D73046A00E2B10D /* AddMonthViewController.swift in Sources */,
				63AE40901D73236A0033FB27 /* DateToString.swift in Sources */,
				632D83741D75D67600A1F363 /* AccountViewController.swift in Sources */,
				6397C16E1D71FAA9001B6464 /* Accounts.swift in Sources */,
				630D66711D73028300E2B10D /* MonthViewController.swift in Sources */,
				6397C16C1D71FA77001B6464 /* MonthList.swift in Sources */,
				63AE40921D73598D0033FB27 /* PickerViewCell.swift in Sources */,
				6397C15A1D71F822001B6464 /* AppDelegate.swift in Sources */,
			);
			runOnlyForDeploymentPostprocessing = 0;
		};
/* End PBXSourcesBuildPhase section */

/* Begin PBXVariantGroup section */
		6397C15D1D71F822001B6464 /* Main.storyboard */ = {
			isa = PBXVariantGroup;
			children = (
				6397C15E1D71F822001B6464 /* Base */,
			);
			name = Main.storyboard;
			sourceTree = "<group>";
		};
		6397C1621D71F822001B6464 /* LaunchScreen.storyboard */ = {
			isa = PBXVariantGroup;
			children = (
				6397C1631D71F822001B6464 /* Base */,
			);
			name = LaunchScreen.storyboard;
			sourceTree = "<group>";
		};
/* End PBXVariantGroup section */

/* Begin XCBuildConfiguration section */
		6397C1661D71F822001B6464 /* Debug */ = {
			isa = XCBuildConfiguration;
			buildSettings = {
				ALWAYS_SEARCH_USER_PATHS = NO;
				CLANG_ANALYZER_NONNULL = YES;
				CLANG_CXX_LANGUAGE_STANDARD = "gnu++0x";
				CLANG_CXX_LIBRARY = "libc++";
				CLANG_ENABLE_MODULES = YES;
				CLANG_ENABLE_OBJC_ARC = YES;
				CLANG_WARN_BOOL_CONVERSION = YES;
				CLANG_WARN_CONSTANT_CONVERSION = YES;
				CLANG_WARN_DIRECT_OBJC_ISA_USAGE = YES_ERROR;
				CLANG_WARN_EMPTY_BODY = YES;
				CLANG_WARN_ENUM_CONVERSION = YES;
				CLANG_WARN_INT_CONVERSION = YES;
				CLANG_WARN_OBJC_ROOT_CLASS = YES_ERROR;
				CLANG_WARN_UNREACHABLE_CODE = YES;
				CLANG_WARN__DUPLICATE_METHOD_MATCH = YES;
				"CODE_SIGN_IDENTITY[sdk=iphoneos*]" = "iPhone Developer";
				COPY_PHASE_STRIP = NO;
				DEBUG_INFORMATION_FORMAT = dwarf;
				ENABLE_STRICT_OBJC_MSGSEND = YES;
				ENABLE_TESTABILITY = YES;
				GCC_C_LANGUAGE_STANDARD = gnu99;
				GCC_DYNAMIC_NO_PIC = NO;
				GCC_NO_COMMON_BLOCKS = YES;
				GCC_OPTIMIZATION_LEVEL = 0;
				GCC_PREPROCESSOR_DEFINITIONS = (
					"DEBUG=1",
					"$(inherited)",
				);
				GCC_WARN_64_TO_32_BIT_CONVERSION = YES;
				GCC_WARN_ABOUT_RETURN_TYPE = YES_ERROR;
				GCC_WARN_UNDECLARED_SELECTOR = YES;
				GCC_WARN_UNINITIALIZED_AUTOS = YES_AGGRESSIVE;
				GCC_WARN_UNUSED_FUNCTION = YES;
				GCC_WARN_UNUSED_VARIABLE = YES;
				IPHONEOS_DEPLOYMENT_TARGET = 9.3;
				MTL_ENABLE_DEBUG_INFO = YES;
				ONLY_ACTIVE_ARCH = YES;
				SDKROOT = iphoneos;
				SWIFT_OPTIMIZATION_LEVEL = "-Onone";
			};
			name = Debug;
		};
		6397C1671D71F822001B6464 /* Release */ = {
			isa = XCBuildConfiguration;
			buildSettings = {
				ALWAYS_SEARCH_USER_PATHS = NO;
				CLANG_ANALYZER_NONNULL = YES;
				CLANG_CXX_LANGUAGE_STANDARD = "gnu++0x";
				CLANG_CXX_LIBRARY = "libc++";
				CLANG_ENABLE_MODULES = YES;
				CLANG_ENABLE_OBJC_ARC = YES;
				CLANG_WARN_BOOL_CONVERSION = YES;
				CLANG_WARN_CONSTANT_CONVERSION = YES;
				CLANG_WARN_DIRECT_OBJC_ISA_USAGE = YES_ERROR;
				CLANG_WARN_EMPTY_BODY = YES;
				CLANG_WARN_ENUM_CONVERSION = YES;
				CLANG_WARN_INT_CONVERSION = YES;
				CLANG_WARN_OBJC_ROOT_CLASS = YES_ERROR;
				CLANG_WARN_UNREACHABLE_CODE = YES;
				CLANG_WARN__DUPLICATE_METHOD_MATCH = YES;
				"CODE_SIGN_IDENTITY[sdk=iphoneos*]" = "iPhone Developer";
				COPY_PHASE_STRIP = NO;
				DEBUG_INFORMATION_FORMAT = "dwarf-with-dsym";
				ENABLE_NS_ASSERTIONS = NO;
				ENABLE_STRICT_OBJC_MSGSEND = YES;
				GCC_C_LANGUAGE_STANDARD = gnu99;
				GCC_NO_COMMON_BLOCKS = YES;
				GCC_WARN_64_TO_32_BIT_CONVERSION = YES;
				GCC_WARN_ABOUT_RETURN_TYPE = YES_ERROR;
				GCC_WARN_UNDECLARED_SELECTOR = YES;
				GCC_WARN_UNINITIALIZED_AUTOS = YES_AGGRESSIVE;
				GCC_WARN_UNUSED_FUNCTION = YES;
				GCC_WARN_UNUSED_VARIABLE = YES;
				IPHONEOS_DEPLOYMENT_TARGET = 9.3;
				MTL_ENABLE_DEBUG_INFO = NO;
				SDKROOT = iphoneos;
				VALIDATE_PRODUCT = YES;
			};
			name = Release;
		};
		6397C1691D71F822001B6464 /* Debug */ = {
			isa = XCBuildConfiguration;
			baseConfigurationReference = AD5B47BF3A3C1354636FC22F /* Pods-MonethyReal.debug.xcconfig */;
			buildSettings = {
				ASSETCATALOG_COMPILER_APPICON_NAME = AppIcon;
				CODE_SIGN_IDENTITY = "iPhone Developer";
				INFOPLIST_FILE = MonethyReal/Info.plist;
				LD_RUNPATH_SEARCH_PATHS = "$(inherited) @executable_path/Frameworks";
				PRODUCT_BUNDLE_IDENTIFIER = zhongxin.MonethyReal;
				PRODUCT_NAME = "$(TARGET_NAME)";
			};
			name = Debug;
		};
		6397C16A1D71F822001B6464 /* Release */ = {
			isa = XCBuildConfiguration;
			baseConfigurationReference = 17F7EC42EA482C9BC490DE06 /* Pods-MonethyReal.release.xcconfig */;
			buildSettings = {
				ASSETCATALOG_COMPILER_APPICON_NAME = AppIcon;
				CODE_SIGN_IDENTITY = "iPhone Developer";
				INFOPLIST_FILE = MonethyReal/Info.plist;
				LD_RUNPATH_SEARCH_PATHS = "$(inherited) @executable_path/Frameworks";
				PRODUCT_BUNDLE_IDENTIFIER = zhongxin.MonethyReal;
				PRODUCT_NAME = "$(TARGET_NAME)";
			};
			name = Release;
		};
/* End XCBuildConfiguration section */

/* Begin XCConfigurationList section */
		6397C1511D71F822001B6464 /* Build configuration list for PBXProject "MonethyReal" */ = {
			isa = XCConfigurationList;
			buildConfigurations = (
				6397C1661D71F822001B6464 /* Debug */,
				6397C1671D71F822001B6464 /* Release */,
			);
			defaultConfigurationIsVisible = 0;
			defaultConfigurationName = Release;
		};
		6397C1681D71F822001B6464 /* Build configuration list for PBXNativeTarget "MonethyReal" */ = {
			isa = XCConfigurationList;
			buildConfigurations = (
				6397C1691D71F822001B6464 /* Debug */,
				6397C16A1D71F822001B6464 /* Release */,
			);
			defaultConfigurationIsVisible = 0;
			defaultConfigurationName = Release;
		};
/* End XCConfigurationList section */
	};
	rootObject = 6397C14E1D71F822001B6464 /* Project object */;
}
